github.com/NoFateo0/lesson3_project v0.0.1 h1:aHsiIh9PJQhHfQUnUYQPVQe+koo5l9AR0uO5c73tii4=
github.com/NoFateo0/lesson3_project v0.0.1/go.mod h1:Ad5ToMH4fIgIUZR6XsFW0aHjlUEvkdeUjoagMXApjAQ=
github.com/NoFateo0/lesson3_project v1.0.0 h1:AQYvXMj8HkU50WiJeKT11iHSBtsSOWqTToqhsaNjZf0=
github.com/NoFateo0/lesson3_project v1.0.0/go.mod h1:Ad5ToMH4fIgIUZR6XsFW0aHjlUEvkdeUjoagMXApjAQ=
github.com/NoFateo0/lesson3_project/v2 v2.0.0 h1:2exuhJ70eqXnKAUFLgteCw62WFxj/m1ENid3xKXTtSI=
github.com/NoFateo0/lesson3_project/v2 v2.0.0/go.mod h1:ZX61kCp1BCb6w1z80q6YFep62+EbFzKgMSQLeZuckXI=
